{
    "_readme": [
        "This file locks the dependencies of your project to a known state",
        "Read more about it at https://getcomposer.org/doc/01-basic-usage.md#composer-lock-the-lock-file",
        "This file is @generated automatically"
    ],
    "hash": "d6dc1501578e8300e0a650a9258c94ef",
    "content-hash": "db7440c5c2cf9b7b01e2d70330c2e77d",
    "packages": [
        {
            "name": "drupal/console-en",
            "version": "1.0.0-rc1",
            "source": {
                "type": "git",
                "url": "https://github.com/hechoendrupal/drupal-console-en.git",
                "reference": "2cf5746d56aab2a2b16f09f1875be6456363055f"
            },
            "dist": {
                "type": "zip",
                "url": "https://api.github.com/repos/hechoendrupal/drupal-console-en/zipball/2cf5746d56aab2a2b16f09f1875be6456363055f",
                "reference": "2cf5746d56aab2a2b16f09f1875be6456363055f",
                "shasum": ""
            },
            "type": "drupal-console-language",
            "notification-url": "https://packagist.org/downloads/",
            "license": [
                "GPL-2.0+"
            ],
            "authors": [
                {
                    "name": "David Flores",
                    "email": "dmousex@gmail.com",
                    "homepage": "http://dmouse.net"
                },
                {
                    "name": "Jesus Manuel Olivas",
                    "email": "jesus.olivas@gmail.com",
                    "homepage": "http://jmolivas.com"
                },
                {
                    "name": "Drupal Console Contributors",
                    "homepage": "https://github.com/hechoendrupal/DrupalConsole/graphs/contributors"
                },
                {
                    "name": "Eduardo Garcia",
                    "email": "enzo@enzolutions.com",
                    "homepage": "http://enzolutions.com/"
                },
                {
                    "name": "Omar Aguirre",
                    "email": "omersguchigu@gmail.com"
                }
            ],
            "description": "Drupal Console English Language",
            "homepage": "http://drupalconsole.com/",
            "keywords": [
                "console",
                "development",
                "drupal",
                "symfony"
            ],
            "time": "2016-09-23 07:54:23"
        }
    ],
    "packages-dev": [],
    "aliases": [],
    "minimum-stability": "dev",
    "stability-flags": {
        "drupal/console-en": 5
    },
    "prefer-stable": false,
    "prefer-lowest": false,
    "platform": [],
    "platform-dev": []
}
